
Microsoft Visual Studio Solution File, Format Version 12.00
# Visual Studio Version 17
VisualStudioVersion = 17.14.37027.9 d17.14
MinimumVisualStudioVersion = 10.0.40219.1
Project("{FAE04EC0-301F-11D3-BF4B-00C04F79EFBC}") = "SPLog", "SPLog\SPLog.csproj", "{88642706-A262-4C53-AFB6-DCC3E1445A5A}"
EndProject
Global
	GlobalSection(SolutionConfigurationPlatforms) = preSolution
		Debug|Any CPU = Debug|Any CPU
		Release|Any CPU = Release|Any CPU
	EndGlobalSection
	GlobalSection(ProjectConfigurationPlatforms) = postSolution
		{88642706-A262-4C53-AFB6-DCC3E1445A5A}.Debug|Any CPU.ActiveCfg = Debug|Any CPU
		{88642706-A262-4C53-AFB6-DCC3E1445A5A}.Debug|Any CPU.Build.0 = Debug|Any CPU
		{88642706-A262-4C53-AFB6-DCC3E1445A5A}.Release|Any CPU.ActiveCfg = Release|Any CPU
		{88642706-A262-4C53-AFB6-DCC3E1445A5A}.Release|Any CPU.Build.0 = Release|Any CPU
	EndGlobalSection
	GlobalSection(SolutionProperties) = preSolution
		HideSolutionNode = FALSE
	EndGlobalSection
	GlobalSection(ExtensibilityGlobals) = postSolution
		SolutionGuid = {624432C7-DB01-460E-8E30-FCAA99ABA43B}
	EndGlobalSection
EndGlobal
